
Microsoft Visual Studio Solution File, Format Version 12.00
# Visual Studio 15
VisualStudioVersion = 15.0.27130.2024
MinimumVisualStudioVersion = 10.0.40219.1
Project("{FAE04EC0-301F-11D3-BF4B-00C04F79EFBC}") = "ColorPicker", "ColorPicker\ColorPicker.csproj", "{907931E4-03A8-404A-84AF-EDB85A12E5FB}"
EndProject
Global
	GlobalSection(SolutionConfigurationPlatforms) = preSolution
		Debug|Any CPU = Debug|Any CPU
		Release|Any CPU = Release|Any CPU
	EndGlobalSection
	GlobalSection(ProjectConfigurationPlatforms) = postSolution
		{907931E4-03A8-404A-84AF-EDB85A12E5FB}.Debug|Any CPU.ActiveCfg = Debug|Any CPU
		{907931E4-03A8-404A-84AF-EDB85A12E5FB}.Debug|Any CPU.Build.0 = Debug|Any CPU
		{907931E4-03A8-404A-84AF-EDB85A12E5FB}.Release|Any CPU.ActiveCfg = Release|Any CPU
		{907931E4-03A8-404A-84AF-EDB85A12E5FB}.Release|Any CPU.Build.0 = Release|Any CPU
	EndGlobalSection
	GlobalSection(SolutionProperties) = preSolution
		HideSolutionNode = FALSE
	EndGlobalSection
	GlobalSection(ExtensibilityGlobals) = postSolution
		SolutionGuid = {BE17C47C-0910-4066-98DC-E6611A1E3BF2}
	EndGlobalSection
EndGlobal
